
Microsoft Visual Studio Solution File, Format Version 12.00
# Visual Studio Version 16
VisualStudioVersion = 16.0.34601.136
MinimumVisualStudioVersion = 10.0.40219.1
Project("{FAE04EC0-301F-11D3-BF4B-00C04F79EFBC}") = "DailyCollectionSystemManagement", "DailyCollectionSystemManagement\DailyCollectionSystemManagement.csproj", "{BB97D8B1-8F86-43C8-8F97-C6FF88C5A904}"
EndProject
Global
	GlobalSection(SolutionConfigurationPlatforms) = preSolution
		Debug|Any CPU = Debug|Any CPU
		Release|Any CPU = Release|Any CPU
	EndGlobalSection
	GlobalSection(ProjectConfigurationPlatforms) = postSolution
		{BB97D8B1-8F86-43C8-8F97-C6FF88C5A904}.Debug|Any CPU.ActiveCfg = Debug|Any CPU
		{BB97D8B1-8F86-43C8-8F97-C6FF88C5A904}.Debug|Any CPU.Build.0 = Debug|Any CPU
		{BB97D8B1-8F86-43C8-8F97-C6FF88C5A904}.Release|Any CPU.ActiveCfg = Release|Any CPU
		{BB97D8B1-8F86-43C8-8F97-C6FF88C5A904}.Release|Any CPU.Build.0 = Release|Any CPU
	EndGlobalSection
	GlobalSection(SolutionProperties) = preSolution
		HideSolutionNode = FALSE
	EndGlobalSection
	GlobalSection(ExtensibilityGlobals) = postSolution
		SolutionGuid = {6AC2B44F-1FC3-4A39-82A0-0EEAF7725FB8}
	EndGlobalSection
EndGlobal
